
Microsoft Visual Studio Solution File, Format Version 12.00
# Visual Studio Version 16
VisualStudioVersion = 16.0.31129.286
MinimumVisualStudioVersion = 10.0.40219.1
Project("{FAE04EC0-301F-11D3-BF4B-00C04F79EFBC}") = "learngrpc", "learngrpc\learngrpc.csproj", "{B3F38A9C-D062-4161-94CA-B3F6CF90B119}"
EndProject
Project("{FAE04EC0-301F-11D3-BF4B-00C04F79EFBC}") = "GrpcClient", "GrpcClient\GrpcClient.csproj", "{BEEC048C-72D5-49DB-B6C8-31CDBAA60088}"
EndProject
Global
	GlobalSection(SolutionConfigurationPlatforms) = preSolution
		Debug|Any CPU = Debug|Any CPU
		Release|Any CPU = Release|Any CPU
	EndGlobalSection
	GlobalSection(ProjectConfigurationPlatforms) = postSolution
		{B3F38A9C-D062-4161-94CA-B3F6CF90B119}.Debug|Any CPU.ActiveCfg = Debug|Any CPU
		{B3F38A9C-D062-4161-94CA-B3F6CF90B119}.Debug|Any CPU.Build.0 = Debug|Any CPU
		{B3F38A9C-D062-4161-94CA-B3F6CF90B119}.Release|Any CPU.ActiveCfg = Release|Any CPU
		{B3F38A9C-D062-4161-94CA-B3F6CF90B119}.Release|Any CPU.Build.0 = Release|Any CPU
		{BEEC048C-72D5-49DB-B6C8-31CDBAA60088}.Debug|Any CPU.ActiveCfg = Debug|Any CPU
		{BEEC048C-72D5-49DB-B6C8-31CDBAA60088}.Debug|Any CPU.Build.0 = Debug|Any CPU
		{BEEC048C-72D5-49DB-B6C8-31CDBAA60088}.Release|Any CPU.ActiveCfg = Release|Any CPU
		{BEEC048C-72D5-49DB-B6C8-31CDBAA60088}.Release|Any CPU.Build.0 = Release|Any CPU
	EndGlobalSection
	GlobalSection(SolutionProperties) = preSolution
		HideSolutionNode = FALSE
	EndGlobalSection
	GlobalSection(ExtensibilityGlobals) = postSolution
		SolutionGuid = {EB12F2F9-D75D-4CF9-9A1E-31DE34CEAFFC}
	EndGlobalSection
EndGlobal
